{
  "name": "mindsdb",
  "version": "1.0.0",
  "lockfileVersion": 3,
  "requires": true,
  "packages": {
    "": {
      "name": "mindsdb",
      "version": "1.0.0",
      "license": "ISC",
      "dependencies": {
        "grafbase": "^0.32.0"
      },
      "devDependencies": {
        "@grafbase/sdk": "~0.1.0"
      }
    },
    "node_modules/@grafbase/cli-aarch64-apple-darwin": {
      "version": "0.32.0",
      "resolved": "https://registry.npmjs.org/@grafbase/cli-aarch64-apple-darwin/-/cli-aarch64-apple-darwin-0.32.0.tgz",
      "integrity": "sha512-5hH4zpL9YlHF+7wDWSsZrBuBka/L202QQE4Ta9ZhSV15Y34bSOCOm2rEHUcIusPFJ+XT9M0xjgY/gJUhMlK4gg==",
      "cpu": [
        "arm64"
      ],
      "optional": true,
      "os": [
        "darwin"
      ]
    },
    "node_modules/@grafbase/cli-aarch64-unknown-linux-musl": {
      "version": "0.32.0",
      "resolved": "https://registry.npmjs.org/@grafbase/cli-aarch64-unknown-linux-musl/-/cli-aarch64-unknown-linux-musl-0.32.0.tgz",
      "integrity": "sha512-DsWJbTjnp2Fu50NfzH8pVdu0rS+Y73NVpkdRWf/VjTJ56agX8lLqcLWWcv52tZ78xnI9CNf/zwqjBG8vieeUbg==",
      "cpu": [
        "arm64"
      ],
      "optional": true,
      "os": [
        "linux"
      ]
    },
    "node_modules/@grafbase/cli-x86_64-apple-darwin": {
      "version": "0.32.0",
      "resolved": "https://registry.npmjs.org/@grafbase/cli-x86_64-apple-darwin/-/cli-x86_64-apple-darwin-0.32.0.tgz",
      "integrity": "sha512-9KEii9o6/YwKVjMjwYXJjDP88Mu7DiX2RH2/Y80EbfKz9iC7G1W/D4Bh5AsNKVl5y3fURw6gjRvOrTE2jAGinw==",
      "cpu": [
        "x64"
      ],
      "optional": true,
      "os": [
        "darwin"
      ]
    },
    "node_modules/@grafbase/cli-x86_64-pc-windows-msvc": {
      "version": "0.32.0",
      "resolved": "https://registry.npmjs.org/@grafbase/cli-x86_64-pc-windows-msvc/-/cli-x86_64-pc-windows-msvc-0.32.0.tgz",
      "integrity": "sha512-yP3VYQbmYWz+kE43t/85U4+C+RzssjWBnms96rMBxDxALCysLk7FxthbQkxLDx7BUIg8nq65HeLUk5s/x6H0aQ==",
      "cpu": [
        "x64"
      ],
      "optional": true,
      "os": [
        "win32"
      ]
    },
    "node_modules/@grafbase/cli-x86_64-unknown-linux-musl": {
      "version": "0.32.0",
      "resolved": "https://registry.npmjs.org/@grafbase/cli-x86_64-unknown-linux-musl/-/cli-x86_64-unknown-linux-musl-0.32.0.tgz",
      "integrity": "sha512-mOy8F2NDb789DikvO5OoE53McMWlBWCjbnUbnZXU3S5MQW2jEibE63xF2iC8DpxUr4eaYpr1zGxPZdI/p7Wi2Q==",
      "cpu": [
        "x64"
      ],
      "optional": true,
      "os": [
        "linux"
      ]
    },
    "node_modules/@grafbase/sdk": {
      "version": "0.1.1",
      "resolved": "https://registry.npmjs.org/@grafbase/sdk/-/sdk-0.1.1.tgz",
      "integrity": "sha512-tfIitoX4TdnY9pu2Z2ro6pzL6F0iMDWFfi0OqBQz9ldKUb6zB1LvCb/cs5DRRnr3YV9M1fVXDcLIO3u6//+9fA==",
      "dev": true,
      "dependencies": {
        "dotenv": "^16.1.4",
        "type-fest": "^3.9.0"
      },
      "engines": {
        "node": ">=16.13.0"
      }
    },
    "node_modules/dotenv": {
      "version": "16.3.1",
      "resolved": "https://registry.npmjs.org/dotenv/-/dotenv-16.3.1.tgz",
      "integrity": "sha512-IPzF4w4/Rd94bA9imS68tZBaYyBWSCE47V1RGuMrB94iyTOIEwRmVL2x/4An+6mETpLrKJ5hQkB8W4kFAadeIQ==",
      "dev": true,
      "engines": {
        "node": ">=12"
      },
      "funding": {
        "url": "https://github.com/motdotla/dotenv?sponsor=1"
      }
    },
    "node_modules/grafbase": {
      "version": "0.32.0",
      "resolved": "https://registry.npmjs.org/grafbase/-/grafbase-0.32.0.tgz",
      "integrity": "sha512-CWG4pInEC7CKfpcCxiM8VzVh/vdWJD3XnX6dTxV2ajCXNtChWO9vGZ0uWQAunIlHFbBrA1k1Ol5IWRLJczp6Wg==",
      "hasInstallScript": true,
      "bin": {
        "gb": "grafbase",
        "grafbase": "grafbase"
      },
      "optionalDependencies": {
        "@grafbase/cli-aarch64-apple-darwin": "^0.32.0",
        "@grafbase/cli-aarch64-unknown-linux-musl": "^0.32.0",
        "@grafbase/cli-x86_64-apple-darwin": "^0.32.0",
        "@grafbase/cli-x86_64-pc-windows-msvc": "^0.32.0",
        "@grafbase/cli-x86_64-unknown-linux-musl": "^0.32.0"
      }
    },
    "node_modules/type-fest": {
      "version": "3.13.1",
      "resolved": "https://registry.npmjs.org/type-fest/-/type-fest-3.13.1.tgz",
      "integrity": "sha512-tLq3bSNx+xSpwvAJnzrK0Ep5CLNWjvFTOp71URMaAEWBfRb9nnJiBoUe0tF8bI4ZFO3omgBR6NvnbzVUT3Ly4g==",
      "dev": true,
      "engines": {
        "node": ">=14.16"
      },
      "funding": {
        "url": "https://github.com/sponsors/sindresorhus"
      }
    }
  }
}
